
Microsoft Visual Studio Solution File, Format Version 12.00
# Visual Studio Version 17
VisualStudioVersion = 17.2.32630.192
MinimumVisualStudioVersion = 10.0.40219.1
Project("{FAE04EC0-301F-11D3-BF4B-00C04F79EFBC}") = "MuteTTS", "MuteTTS\MuteTTS.csproj", "{05B88D2A-CA9A-4419-A2EC-C00964C87A84}"
EndProject
Project("{FAE04EC0-301F-11D3-BF4B-00C04F79EFBC}") = "FreezeFrame", "FreezeFrame\FreezeFrame.csproj", "{95FF8421-9E29-44DB-8CE6-DC13498B86FE}"
EndProject
Project("{FAE04EC0-301F-11D3-BF4B-00C04F79EFBC}") = "MuteTTSClient", "MuteTTSClient\MuteTTSClient.csproj", "{7D9ABCEE-9E13-4644-A023-2130986DFE6E}"
EndProject
Project("{FAE04EC0-301F-11D3-BF4B-00C04F79EFBC}") = "NoHighlight", "NoHighlight\NoHighlight.csproj", "{2DACC52A-0D01-415D-A30F-E24E1A7B0FD9}"
EndProject
Project("{FAE04EC0-301F-11D3-BF4B-00C04F79EFBC}") = "WasmLoader", "WasmLoader\WasmLoader.csproj", "{B09F6951-4D6C-4977-88C0-1C8863EED47C}"
EndProject
Project("{FAE04EC0-301F-11D3-BF4B-00C04F79EFBC}") = "WasmConverter", "WasmConverter\WasmConverter.csproj", "{619BEF46-E407-49E9-82AC-817EB301CD60}"
EndProject
Global
	GlobalSection(SolutionConfigurationPlatforms) = preSolution
		Debug|Any CPU = Debug|Any CPU
		Release|Any CPU = Release|Any CPU
	EndGlobalSection
	GlobalSection(ProjectConfigurationPlatforms) = postSolution
		{05B88D2A-CA9A-4419-A2EC-C00964C87A84}.Debug|Any CPU.ActiveCfg = Debug|Any CPU
		{05B88D2A-CA9A-4419-A2EC-C00964C87A84}.Debug|Any CPU.Build.0 = Debug|Any CPU
		{05B88D2A-CA9A-4419-A2EC-C00964C87A84}.Release|Any CPU.ActiveCfg = Release|Any CPU
		{05B88D2A-CA9A-4419-A2EC-C00964C87A84}.Release|Any CPU.Build.0 = Release|Any CPU
		{95FF8421-9E29-44DB-8CE6-DC13498B86FE}.Debug|Any CPU.ActiveCfg = Debug|Any CPU
		{95FF8421-9E29-44DB-8CE6-DC13498B86FE}.Debug|Any CPU.Build.0 = Debug|Any CPU
		{95FF8421-9E29-44DB-8CE6-DC13498B86FE}.Release|Any CPU.ActiveCfg = Release|Any CPU
		{95FF8421-9E29-44DB-8CE6-DC13498B86FE}.Release|Any CPU.Build.0 = Release|Any CPU
		{7D9ABCEE-9E13-4644-A023-2130986DFE6E}.Debug|Any CPU.ActiveCfg = Debug|Any CPU
		{7D9ABCEE-9E13-4644-A023-2130986DFE6E}.Debug|Any CPU.Build.0 = Debug|Any CPU
		{7D9ABCEE-9E13-4644-A023-2130986DFE6E}.Release|Any CPU.ActiveCfg = Release|Any CPU
		{7D9ABCEE-9E13-4644-A023-2130986DFE6E}.Release|Any CPU.Build.0 = Release|Any CPU
		{2DACC52A-0D01-415D-A30F-E24E1A7B0FD9}.Debug|Any CPU.ActiveCfg = Debug|Any CPU
		{2DACC52A-0D01-415D-A30F-E24E1A7B0FD9}.Debug|Any CPU.Build.0 = Debug|Any CPU
		{2DACC52A-0D01-415D-A30F-E24E1A7B0FD9}.Release|Any CPU.ActiveCfg = Release|Any CPU
		{2DACC52A-0D01-415D-A30F-E24E1A7B0FD9}.Release|Any CPU.Build.0 = Release|Any CPU
		{B09F6951-4D6C-4977-88C0-1C8863EED47C}.Debug|Any CPU.ActiveCfg = Debug|Any CPU
		{B09F6951-4D6C-4977-88C0-1C8863EED47C}.Debug|Any CPU.Build.0 = Debug|Any CPU
		{B09F6951-4D6C-4977-88C0-1C8863EED47C}.Release|Any CPU.ActiveCfg = Release|Any CPU
		{B09F6951-4D6C-4977-88C0-1C8863EED47C}.Release|Any CPU.Build.0 = Release|Any CPU
		{619BEF46-E407-49E9-82AC-817EB301CD60}.Debug|Any CPU.ActiveCfg = Debug|Any CPU
		{619BEF46-E407-49E9-82AC-817EB301CD60}.Debug|Any CPU.Build.0 = Debug|Any CPU
		{619BEF46-E407-49E9-82AC-817EB301CD60}.Release|Any CPU.ActiveCfg = Release|Any CPU
		{619BEF46-E407-49E9-82AC-817EB301CD60}.Release|Any CPU.Build.0 = Release|Any CPU
	EndGlobalSection
	GlobalSection(SolutionProperties) = preSolution
		HideSolutionNode = FALSE
	EndGlobalSection
	GlobalSection(ExtensibilityGlobals) = postSolution
		SolutionGuid = {B771DE1A-2F13-4CA8-B22E-268335BB5228}
	EndGlobalSection
EndGlobal
